
Microsoft Visual Studio Solution File, Format Version 12.00
# Visual Studio Version 17
VisualStudioVersion = 17.1.32414.318
MinimumVisualStudioVersion = 10.0.40219.1
Project("{FAE04EC0-301F-11D3-BF4B-00C04F79EFBC}") = "Activity 8 CST-150", "Activity 8 CST-150.csproj", "{F27F30E0-9A16-4C60-B494-56D1A92BEF6A}"
EndProject
Global
	GlobalSection(SolutionConfigurationPlatforms) = preSolution
		Debug|Any CPU = Debug|Any CPU
		Release|Any CPU = Release|Any CPU
	EndGlobalSection
	GlobalSection(ProjectConfigurationPlatforms) = postSolution
		{F27F30E0-9A16-4C60-B494-56D1A92BEF6A}.Debug|Any CPU.ActiveCfg = Debug|Any CPU
		{F27F30E0-9A16-4C60-B494-56D1A92BEF6A}.Debug|Any CPU.Build.0 = Debug|Any CPU
		{F27F30E0-9A16-4C60-B494-56D1A92BEF6A}.Release|Any CPU.ActiveCfg = Release|Any CPU
		{F27F30E0-9A16-4C60-B494-56D1A92BEF6A}.Release|Any CPU.Build.0 = Release|Any CPU
	EndGlobalSection
	GlobalSection(SolutionProperties) = preSolution
		HideSolutionNode = FALSE
	EndGlobalSection
	GlobalSection(ExtensibilityGlobals) = postSolution
		SolutionGuid = {4DEEC184-EF7C-4504-87C7-46EEEE227768}
	EndGlobalSection
EndGlobal
