
Microsoft Visual Studio Solution File, Format Version 12.00
# Visual Studio Version 17
VisualStudioVersion = 17.2.32519.379
MinimumVisualStudioVersion = 10.0.40219.1
Project("{9A19103F-16F7-4668-BE54-9A1E7A4F7556}") = "Activity 12 CST-150", "Activity 12 CST-150.csproj", "{DC224845-38F2-49A9-989C-EA1E14F37C55}"
EndProject
Project("{2150E333-8FDC-42A3-9474-1A3956D46DE8}") = "Solution Items", "Solution Items", "{29C0DC9C-308D-43CC-92A5-3847F4050464}"
	ProjectSection(SolutionItems) = preProject
		Class1.cs = Class1.cs
	EndProjectSection
EndProject
Global
	GlobalSection(SolutionConfigurationPlatforms) = preSolution
		Debug|Any CPU = Debug|Any CPU
		Release|Any CPU = Release|Any CPU
	EndGlobalSection
	GlobalSection(ProjectConfigurationPlatforms) = postSolution
		{DC224845-38F2-49A9-989C-EA1E14F37C55}.Debug|Any CPU.ActiveCfg = Debug|Any CPU
		{DC224845-38F2-49A9-989C-EA1E14F37C55}.Debug|Any CPU.Build.0 = Debug|Any CPU
		{DC224845-38F2-49A9-989C-EA1E14F37C55}.Release|Any CPU.ActiveCfg = Release|Any CPU
		{DC224845-38F2-49A9-989C-EA1E14F37C55}.Release|Any CPU.Build.0 = Release|Any CPU
	EndGlobalSection
	GlobalSection(SolutionProperties) = preSolution
		HideSolutionNode = FALSE
	EndGlobalSection
	GlobalSection(ExtensibilityGlobals) = postSolution
		SolutionGuid = {CBA6BE71-7709-4850-83D6-61E6E099C2A1}
	EndGlobalSection
EndGlobal
