
Microsoft Visual Studio Solution File, Format Version 12.00
# Visual Studio Version 17
VisualStudioVersion = 17.2.32526.322
MinimumVisualStudioVersion = 10.0.40219.1
Project("{FAE04EC0-301F-11D3-BF4B-00C04F79EFBC}") = "Activity 15 CST-150", "Activity 15 CST-150.csproj", "{4DADF7F9-547C-487E-B6F2-2322B53CFD34}"
EndProject
Global
	GlobalSection(SolutionConfigurationPlatforms) = preSolution
		Debug|Any CPU = Debug|Any CPU
		Release|Any CPU = Release|Any CPU
	EndGlobalSection
	GlobalSection(ProjectConfigurationPlatforms) = postSolution
		{4DADF7F9-547C-487E-B6F2-2322B53CFD34}.Debug|Any CPU.ActiveCfg = Debug|Any CPU
		{4DADF7F9-547C-487E-B6F2-2322B53CFD34}.Debug|Any CPU.Build.0 = Debug|Any CPU
		{4DADF7F9-547C-487E-B6F2-2322B53CFD34}.Release|Any CPU.ActiveCfg = Release|Any CPU
		{4DADF7F9-547C-487E-B6F2-2322B53CFD34}.Release|Any CPU.Build.0 = Release|Any CPU
	EndGlobalSection
	GlobalSection(SolutionProperties) = preSolution
		HideSolutionNode = FALSE
	EndGlobalSection
	GlobalSection(ExtensibilityGlobals) = postSolution
		SolutionGuid = {C8AA9338-5A90-44D6-8DA1-D6F5D3305E97}
	EndGlobalSection
EndGlobal
