
Microsoft Visual Studio Solution File, Format Version 12.00
# Visual Studio Version 17
VisualStudioVersion = 17.2.32519.379
MinimumVisualStudioVersion = 10.0.40219.1
Project("{FAE04EC0-301F-11D3-BF4B-00C04F79EFBC}") = "Milestone 5 CST-150", "Milestone 5 CST-150.csproj", "{94AA94F2-1657-491C-B732-623054F7C52E}"
EndProject
Global
	GlobalSection(SolutionConfigurationPlatforms) = preSolution
		Debug|Any CPU = Debug|Any CPU
		Release|Any CPU = Release|Any CPU
	EndGlobalSection
	GlobalSection(ProjectConfigurationPlatforms) = postSolution
		{94AA94F2-1657-491C-B732-623054F7C52E}.Debug|Any CPU.ActiveCfg = Debug|Any CPU
		{94AA94F2-1657-491C-B732-623054F7C52E}.Debug|Any CPU.Build.0 = Debug|Any CPU
		{94AA94F2-1657-491C-B732-623054F7C52E}.Release|Any CPU.ActiveCfg = Release|Any CPU
		{94AA94F2-1657-491C-B732-623054F7C52E}.Release|Any CPU.Build.0 = Release|Any CPU
	EndGlobalSection
	GlobalSection(SolutionProperties) = preSolution
		HideSolutionNode = FALSE
	EndGlobalSection
	GlobalSection(ExtensibilityGlobals) = postSolution
		SolutionGuid = {30EC423F-9DEF-4D4A-93BE-054F479D0D28}
	EndGlobalSection
EndGlobal
