
Microsoft Visual Studio Solution File, Format Version 12.00
# Visual Studio Version 17
VisualStudioVersion = 17.1.32414.318
MinimumVisualStudioVersion = 10.0.40219.1
Project("{FAE04EC0-301F-11D3-BF4B-00C04F79EFBC}") = "Activity 13 CST-150", "Activity 13 CST-150.csproj", "{EDD1C77C-69D9-4B58-9AD5-5303320697A5}"
EndProject
Global
	GlobalSection(SolutionConfigurationPlatforms) = preSolution
		Debug|Any CPU = Debug|Any CPU
		Release|Any CPU = Release|Any CPU
	EndGlobalSection
	GlobalSection(ProjectConfigurationPlatforms) = postSolution
		{EDD1C77C-69D9-4B58-9AD5-5303320697A5}.Debug|Any CPU.ActiveCfg = Debug|Any CPU
		{EDD1C77C-69D9-4B58-9AD5-5303320697A5}.Debug|Any CPU.Build.0 = Debug|Any CPU
		{EDD1C77C-69D9-4B58-9AD5-5303320697A5}.Release|Any CPU.ActiveCfg = Release|Any CPU
		{EDD1C77C-69D9-4B58-9AD5-5303320697A5}.Release|Any CPU.Build.0 = Release|Any CPU
	EndGlobalSection
	GlobalSection(SolutionProperties) = preSolution
		HideSolutionNode = FALSE
	EndGlobalSection
	GlobalSection(ExtensibilityGlobals) = postSolution
		SolutionGuid = {A18784D8-6196-4B15-B666-2890E222A116}
	EndGlobalSection
EndGlobal
